
Microsoft Visual Studio Solution File, Format Version 12.00
# Visual Studio Version 16
VisualStudioVersion = 16.0.29201.188
MinimumVisualStudioVersion = 15.0.26124.0
Project("{9A19103F-16F7-4668-BE54-9A1E7A4F7556}") = "App 1", "App 1\App 1.csproj", "{3D289868-CB11-4B81-829A-DE21B2EBAE89}"
EndProject
Project("{9A19103F-16F7-4668-BE54-9A1E7A4F7556}") = "App 2", "App 2\App 2.csproj", "{B1A13703-5570-4691-8E39-370F14A85E81}"
EndProject
Project("{FAE04EC0-301F-11D3-BF4B-00C04F79EFBC}") = "App 3", "App 3\App 3.csproj", "{96746C82-1E31-419F-8EAB-1C1CD35EC3D8}"
EndProject
Global
	GlobalSection(SolutionConfigurationPlatforms) = preSolution
		Debug|Any CPU = Debug|Any CPU
		Debug|x64 = Debug|x64
		Debug|x86 = Debug|x86
		Release|Any CPU = Release|Any CPU
		Release|x64 = Release|x64
		Release|x86 = Release|x86
	EndGlobalSection
	GlobalSection(ProjectConfigurationPlatforms) = postSolution
		{3D289868-CB11-4B81-829A-DE21B2EBAE89}.Debug|Any CPU.ActiveCfg = Debug|Any CPU
		{3D289868-CB11-4B81-829A-DE21B2EBAE89}.Debug|Any CPU.Build.0 = Debug|Any CPU
		{3D289868-CB11-4B81-829A-DE21B2EBAE89}.Debug|x64.ActiveCfg = Debug|Any CPU
		{3D289868-CB11-4B81-829A-DE21B2EBAE89}.Debug|x64.Build.0 = Debug|Any CPU
		{3D289868-CB11-4B81-829A-DE21B2EBAE89}.Debug|x86.ActiveCfg = Debug|Any CPU
		{3D289868-CB11-4B81-829A-DE21B2EBAE89}.Debug|x86.Build.0 = Debug|Any CPU
		{3D289868-CB11-4B81-829A-DE21B2EBAE89}.Release|Any CPU.ActiveCfg = Release|Any CPU
		{3D289868-CB11-4B81-829A-DE21B2EBAE89}.Release|Any CPU.Build.0 = Release|Any CPU
		{3D289868-CB11-4B81-829A-DE21B2EBAE89}.Release|x64.ActiveCfg = Release|Any CPU
		{3D289868-CB11-4B81-829A-DE21B2EBAE89}.Release|x64.Build.0 = Release|Any CPU
		{3D289868-CB11-4B81-829A-DE21B2EBAE89}.Release|x86.ActiveCfg = Release|Any CPU
		{3D289868-CB11-4B81-829A-DE21B2EBAE89}.Release|x86.Build.0 = Release|Any CPU
		{B1A13703-5570-4691-8E39-370F14A85E81}.Debug|Any CPU.ActiveCfg = Debug|Any CPU
		{B1A13703-5570-4691-8E39-370F14A85E81}.Debug|Any CPU.Build.0 = Debug|Any CPU
		{B1A13703-5570-4691-8E39-370F14A85E81}.Debug|x64.ActiveCfg = Debug|Any CPU
		{B1A13703-5570-4691-8E39-370F14A85E81}.Debug|x64.Build.0 = Debug|Any CPU
		{B1A13703-5570-4691-8E39-370F14A85E81}.Debug|x86.ActiveCfg = Debug|Any CPU
		{B1A13703-5570-4691-8E39-370F14A85E81}.Debug|x86.Build.0 = Debug|Any CPU
		{B1A13703-5570-4691-8E39-370F14A85E81}.Release|Any CPU.ActiveCfg = Release|Any CPU
		{B1A13703-5570-4691-8E39-370F14A85E81}.Release|Any CPU.Build.0 = Release|Any CPU
		{B1A13703-5570-4691-8E39-370F14A85E81}.Release|x64.ActiveCfg = Release|Any CPU
		{B1A13703-5570-4691-8E39-370F14A85E81}.Release|x64.Build.0 = Release|Any CPU
		{B1A13703-5570-4691-8E39-370F14A85E81}.Release|x86.ActiveCfg = Release|Any CPU
		{B1A13703-5570-4691-8E39-370F14A85E81}.Release|x86.Build.0 = Release|Any CPU
		{96746C82-1E31-419F-8EAB-1C1CD35EC3D8}.Debug|Any CPU.ActiveCfg = Debug|Any CPU
		{96746C82-1E31-419F-8EAB-1C1CD35EC3D8}.Debug|Any CPU.Build.0 = Debug|Any CPU
		{96746C82-1E31-419F-8EAB-1C1CD35EC3D8}.Debug|x64.ActiveCfg = Debug|Any CPU
		{96746C82-1E31-419F-8EAB-1C1CD35EC3D8}.Debug|x64.Build.0 = Debug|Any CPU
		{96746C82-1E31-419F-8EAB-1C1CD35EC3D8}.Debug|x86.ActiveCfg = Debug|Any CPU
		{96746C82-1E31-419F-8EAB-1C1CD35EC3D8}.Debug|x86.Build.0 = Debug|Any CPU
		{96746C82-1E31-419F-8EAB-1C1CD35EC3D8}.Release|Any CPU.ActiveCfg = Release|Any CPU
		{96746C82-1E31-419F-8EAB-1C1CD35EC3D8}.Release|Any CPU.Build.0 = Release|Any CPU
		{96746C82-1E31-419F-8EAB-1C1CD35EC3D8}.Release|x64.ActiveCfg = Release|Any CPU
		{96746C82-1E31-419F-8EAB-1C1CD35EC3D8}.Release|x64.Build.0 = Release|Any CPU
		{96746C82-1E31-419F-8EAB-1C1CD35EC3D8}.Release|x86.ActiveCfg = Release|Any CPU
		{96746C82-1E31-419F-8EAB-1C1CD35EC3D8}.Release|x86.Build.0 = Release|Any CPU
	EndGlobalSection
	GlobalSection(SolutionProperties) = preSolution
		HideSolutionNode = FALSE
	EndGlobalSection
	GlobalSection(ExtensibilityGlobals) = postSolution
		SolutionGuid = {19BAB230-937E-44DC-961A-92284B7C6581}
	EndGlobalSection
EndGlobal
